
Microsoft Visual Studio Solution File, Format Version 12.00
# Visual Studio Version 16
VisualStudioVersion = 16.0.30717.126
MinimumVisualStudioVersion = 10.0.40219.1
Project("{FAE04EC0-301F-11D3-BF4B-00C04F79EFBC}") = "Curriculum.net", "Curriculum.net\Curriculum.net.csproj", "{CC0A3365-E802-4D52-8C8E-527B81889E06}"
EndProject
Global
	GlobalSection(SolutionConfigurationPlatforms) = preSolution
		Debug|Any CPU = Debug|Any CPU
		Release|Any CPU = Release|Any CPU
	EndGlobalSection
	GlobalSection(ProjectConfigurationPlatforms) = postSolution
		{CC0A3365-E802-4D52-8C8E-527B81889E06}.Debug|Any CPU.ActiveCfg = Debug|Any CPU
		{CC0A3365-E802-4D52-8C8E-527B81889E06}.Debug|Any CPU.Build.0 = Debug|Any CPU
		{CC0A3365-E802-4D52-8C8E-527B81889E06}.Release|Any CPU.ActiveCfg = Release|Any CPU
		{CC0A3365-E802-4D52-8C8E-527B81889E06}.Release|Any CPU.Build.0 = Release|Any CPU
	EndGlobalSection
	GlobalSection(SolutionProperties) = preSolution
		HideSolutionNode = FALSE
	EndGlobalSection
	GlobalSection(ExtensibilityGlobals) = postSolution
		SolutionGuid = {05E44695-4F8E-4C2E-8DA9-B75D6511836E}
	EndGlobalSection
EndGlobal
